
Microsoft Visual Studio Solution File, Format Version 12.00
# Visual Studio Version 16
VisualStudioVersion = 16.0.29505.145
MinimumVisualStudioVersion = 10.0.40219.1
Project("{FAE04EC0-301F-11D3-BF4B-00C04F79EFBC}") = "BlazingShop", "BlazingShop\BlazingShop.csproj", "{367E1F96-C2B3-43F9-B4E2-C49476CC98E4}"
EndProject
Global
	GlobalSection(SolutionConfigurationPlatforms) = preSolution
		Debug|Any CPU = Debug|Any CPU
		Release|Any CPU = Release|Any CPU
	EndGlobalSection
	GlobalSection(ProjectConfigurationPlatforms) = postSolution
		{367E1F96-C2B3-43F9-B4E2-C49476CC98E4}.Debug|Any CPU.ActiveCfg = Debug|Any CPU
		{367E1F96-C2B3-43F9-B4E2-C49476CC98E4}.Debug|Any CPU.Build.0 = Debug|Any CPU
		{367E1F96-C2B3-43F9-B4E2-C49476CC98E4}.Release|Any CPU.ActiveCfg = Release|Any CPU
		{367E1F96-C2B3-43F9-B4E2-C49476CC98E4}.Release|Any CPU.Build.0 = Release|Any CPU
	EndGlobalSection
	GlobalSection(SolutionProperties) = preSolution
		HideSolutionNode = FALSE
	EndGlobalSection
	GlobalSection(ExtensibilityGlobals) = postSolution
		SolutionGuid = {65E0873A-EF1C-4C84-95C9-0A43861B98A3}
	EndGlobalSection
EndGlobal
